// !$*UTF8*$!
{
	archiveVersion = 1;
	classes = {
	};
	objectVersion = 46;
	objects = {
/* Begin PBXBuildFile section */
		0207DA581B56EA530066E2B4 /* Images.xcassets in Resources */ = {isa = PBXBuildFile; fileRef = 0207DA571B56EA530066E2B4 /* Images.xcassets */; };
		1D3623260D0F684500981E51 /* AppDelegate.m in Sources */ = {isa = PBXBuildFile; fileRef = 1D3623250D0F684500981E51 /* AppDelegate.m */; };
		1D60589B0D05DD56006BFB54 /* main.m in Sources */ = {isa = PBXBuildFile; fileRef = 29B97316FDCFA39411CA2CEA /* main.m */; };
		301BF552109A68D80062928A /* libCordova.a in Frameworks */ = {isa = PBXBuildFile; fileRef = 301BF535109A57CC0062928A /* libCordova.a */; };
		302D95F114D2391D003F00A1 /* MainViewController.m in Sources */ = {isa = PBXBuildFile; fileRef = 302D95EF14D2391D003F00A1 /* MainViewController.m */; };
		302D95F214D2391D003F00A1 /* MainViewController.xib in Resources */ = {isa = PBXBuildFile; fileRef = 302D95F014D2391D003F00A1 /* MainViewController.xib */; };
		6AFF5BF91D6E424B00AB3073 /* CDVLaunchScreen.storyboard in Resources */ = {isa = PBXBuildFile; fileRef = 6AFF5BF81D6E424B00AB3073 /* CDVLaunchScreen.storyboard */; };
		873044501EB84092BF3213ED /* CoreLocation.framework in Frameworks */ = {isa = PBXBuildFile; fileRef = 14A0087AFD65407283D98AB2 /* CoreLocation.framework */; };
		F8E7D35C6A38474094D96038 /* CDVLocation.m in Sources */ = {isa = PBXBuildFile; fileRef = 35FB4B2A86AE410989F4EF30 /* CDVLocation.m */; };
		83F6F5775DBB484DBF813153 /* CDVCompass.m in Sources */ = {isa = PBXBuildFile; fileRef = 1A8EA3A064284B5DBB8DAADF /* CDVCompass.m */; };
		F00F02425A3D4904A9292791 /* CDVBattery.m in Sources */ = {isa = PBXBuildFile; fileRef = 1A2D5DAD2D51407B8210E59D /* CDVBattery.m */; };
		72AD899722A447BA9448CF44 /* UIImage+CropScaleOrientation.m in Sources */ = {isa = PBXBuildFile; fileRef = D09FE4221BF64E478A21BE11 /* UIImage+CropScaleOrientation.m */; };
		D3EADB794C674A44B32DD687 /* CDVCamera.m in Sources */ = {isa = PBXBuildFile; fileRef = 931058061D61474787276D4D /* CDVCamera.m */; };
		98C297B022274CAD9C8A1690 /* CDVJpegHeaderWriter.m in Sources */ = {isa = PBXBuildFile; fileRef = 3A7BB2FC64A14650AD2C1C22 /* CDVJpegHeaderWriter.m */; };
		53E4B327D6BA4B98811AE884 /* ImageIO.framework in Frameworks */ = {isa = PBXBuildFile; fileRef = 00E24F7F98AC4D87A5F3F8D3 /* ImageIO.framework */; settings = {ATTRIBUTES = (Weak, ); }; };
		BB1655857C4244F49E01273E /* AVFoundation.framework in Frameworks */ = {isa = PBXBuildFile; fileRef = 9B2A3DCDE9C74B7D8A32B09C /* AVFoundation.framework */; };
		785FA44AE3E84A0EBF4FC928 /* CDVNotification.m in Sources */ = {isa = PBXBuildFile; fileRef = 6A75B3F972CE431DB1411D9F /* CDVNotification.m */; };
		5CC2F46EF2384363A7997981 /* CDVNotification.bundle in Resources */ = {isa = PBXBuildFile; fileRef = 820185150116436C8FAA4936 /* CDVNotification.bundle */; };
		D78DE89D431D4D49A4E2B65B /* AudioToolbox.framework in Frameworks */ = {isa = PBXBuildFile; fileRef = EA7A9ABC67824A0FABA986E0 /* AudioToolbox.framework */; settings = {ATTRIBUTES = (Weak, ); }; };
		CD6AA5187ECC46EBAD1D4105 /* CDVAccelerometer.m in Sources */ = {isa = PBXBuildFile; fileRef = 58F8E28559394886A12A106E /* CDVAccelerometer.m */; };
		9CF660740BCC4625BA4C962E /* CoreMotion.framework in Frameworks */ = {isa = PBXBuildFile; fileRef = 940B0BE3E92541DBBBEC5F5F /* CoreMotion.framework */; };
		D800141C82564CBC9DA198F5 /* CDVConnection.m in Sources */ = {isa = PBXBuildFile; fileRef = 0128B2A2B83E4803B0769B5C /* CDVConnection.m */; };
		9A85202B51EB45F6A1F23930 /* CDVReachability.m in Sources */ = {isa = PBXBuildFile; fileRef = CE10590A365748E4843F526E /* CDVReachability.m */; };
		C5E619DB8CCE483B8007DFEF /* SystemConfiguration.framework in Frameworks */ = {isa = PBXBuildFile; fileRef = 08D5C21282A341AC94B6AB88 /* SystemConfiguration.framework */; settings = {ATTRIBUTES = (Weak, ); }; };
		C91259ADC6774EFB994A3065 /* CoreTelephony.framework in Frameworks */ = {isa = PBXBuildFile; fileRef = 8BABC34C09C543E5AAE60AAB /* CoreTelephony.framework */; };
		EBCE39A6295646A69666286E /* CDVGlobalization.m in Sources */ = {isa = PBXBuildFile; fileRef = 03D38A0745594DC29E527F98 /* CDVGlobalization.m */; };
		B614868693084A36B558C52E /* CDVContacts.m in Sources */ = {isa = PBXBuildFile; fileRef = 3A50E787C13C443899007AE5 /* CDVContacts.m */; };
		FE46256C5B7C4403AE877547 /* CDVContact.m in Sources */ = {isa = PBXBuildFile; fileRef = 4B5DF9B2C0E44F44A4E07451 /* CDVContact.m */; };
		30E7FEF39CB74EECA86ED742 /* AddressBook.framework in Frameworks */ = {isa = PBXBuildFile; fileRef = 13AB022B988749929A0132E2 /* AddressBook.framework */; settings = {ATTRIBUTES = (Weak, ); }; };
		539A3CE9E4144D4C83E10CD1 /* AddressBookUI.framework in Frameworks */ = {isa = PBXBuildFile; fileRef = D44CD24E4D084E6DB141AD25 /* AddressBookUI.framework */; settings = {ATTRIBUTES = (Weak, ); }; };
		4CAE4399CBEB4AB390191363 /* CDVInAppBrowser.m in Sources */ = {isa = PBXBuildFile; fileRef = BC6A2D4175F54A0CAC1DA4EA /* CDVInAppBrowser.m */; };
		A4D13B7F8CFC4F5087E87C34 /* NativeCamera.m in Sources */ = {isa = PBXBuildFile; fileRef = E2A119B4DF464BFCB2DF2519 /* NativeCamera.m */; };
		7B2474B9FFD94290A8A5F8AB /* CDVDevice.m in Sources */ = {isa = PBXBuildFile; fileRef = BA374129E578458B87D70AC7 /* CDVDevice.m */; };
		6193DCD0A35F414BAFC738A7 /* libz.tbd in Frameworks */ = {isa = PBXBuildFile; fileRef = 6905614558DF481C9F0D66AC /* libz.tbd */; };
		723FCB150B49450F9AC6C585 /* CDVMWBarcodeScanner.m in Sources */ = {isa = PBXBuildFile; fileRef = 3FF8FA6637B0484C9D35DB84 /* CDVMWBarcodeScanner.m */; };
		DF4C213D9B5143759BF910BE /* MWScannerViewController.m in Sources */ = {isa = PBXBuildFile; fileRef = 2416ECA67CE04E2B904969C1 /* MWScannerViewController.m */; };
		85FE44B7DE7D4135B709802A /* MWOverlay.m in Sources */ = {isa = PBXBuildFile; fileRef = 67043CE920014A32A8F0C10A /* MWOverlay.m */; };
		27F2CC933383499FBB2ACCA1 /* MWResult.m in Sources */ = {isa = PBXBuildFile; fileRef = CDC308E388504AB3BEC97F03 /* MWResult.m */; };
		2DB3A71E33BC4F039015D667 /* MWScannerViewController.xib in Resources */ = {isa = PBXBuildFile; fileRef = A2E2C180314545AAA295E76C /* MWScannerViewController.xib */; };
		23B9BF81A57646AEA50B2F01 /* libBarcodeScanner.a in Frameworks */ = {isa = PBXBuildFile; fileRef = 95FD459B174342D4AA777074 /* libBarcodeScanner.a */; };
		DC13B9F6481B4C408F55E29B /* close_button.png in Resources */ = {isa = PBXBuildFile; fileRef = 12B192EF839D428C8E0DED34 /* close_button.png */; };
		2590E8F3D3CB443E94950CCF /* flashbuttonon.png in Resources */ = {isa = PBXBuildFile; fileRef = DC7368F4EB694F62A5573912 /* flashbuttonon.png */; };
		8D693B4F047349AAAC9CC6A5 /* flashbuttonoff.png in Resources */ = {isa = PBXBuildFile; fileRef = 5EB5B52343EA4F91AF3D4FFF /* flashbuttonoff.png */; };
		56FF490EDF5A4ED7801F5C75 /* overlay_mw.png in Resources */ = {isa = PBXBuildFile; fileRef = 1302B9B9BEB447AF87A38AD3 /* overlay_mw.png */; };
		3AD3823FBCA34543856E6C9B /* overlay_mw@2x.png in Resources */ = {isa = PBXBuildFile; fileRef = C11D8B4F4FEC4BAB8B4347F5 /* overlay_mw@2x.png */; };
		E5EE4B4DBBD54ACEB803E690 /* zoom.png in Resources */ = {isa = PBXBuildFile; fileRef = 54A2C7A1FB2C4740B2BDC2E8 /* zoom.png */; };
		15B62FA2615D4BF884EF114E /* CoreVideo.framework in Frameworks */ = {isa = PBXBuildFile; fileRef = E64F5AB89B7541C2B1493342 /* CoreVideo.framework */; };
		E90CF2C832F549689B1F55D8 /* QuartzCore.framework in Frameworks */ = {isa = PBXBuildFile; fileRef = B11D1D67FAFB4EFDBC6890C2 /* QuartzCore.framework */; };
		19AAB8071D504CA8BDFC0364 /* CDVBarcodeScanner.mm in Resources */ = {isa = PBXBuildFile; fileRef = DB9E3F6B8ECD4989B1D8E213 /* CDVBarcodeScanner.mm */; settings = {COMPILER_FLAGS = "-fno-objc-arc"; }; };
		962F8DC7633B4443A16AC78D /* zxing-all-in-one.cpp in Resources */ = {isa = PBXBuildFile; fileRef = 6AB6182606B4412292266A66 /* zxing-all-in-one.cpp */; };
		B4BDFDFFC3A049E797F3765F /* scannerOverlay.xib in Resources */ = {isa = PBXBuildFile; fileRef = 4306AE22CB704D65A3EC623C /* scannerOverlay.xib */; };
		1B22585C706447CC80A3F9AD /* libiconv.dylib in Frameworks */ = {isa = PBXBuildFile; fileRef = 9C5978149A6D499F8A740E98 /* libiconv.dylib */; };
/* End PBXBuildFile section */

/* Begin PBXContainerItemProxy section */
		301BF534109A57CC0062928A /* PBXContainerItemProxy */ = {
			isa = PBXContainerItemProxy;
			containerPortal = 301BF52D109A57CC0062928A /* CordovaLib/CordovaLib.xcodeproj */;
			proxyType = 2;
			remoteGlobalIDString = D2AAC07E0554694100DB518D;
			remoteInfo = CordovaLib;
		};
		301BF550109A68C00062928A /* PBXContainerItemProxy */ = {
			isa = PBXContainerItemProxy;
			containerPortal = 301BF52D109A57CC0062928A /* CordovaLib/CordovaLib.xcodeproj */;
			proxyType = 1;
			remoteGlobalIDString = D2AAC07D0554694100DB518D;
			remoteInfo = CordovaLib;
		};
		A034427D1ECA25AF00F79216 /* PBXContainerItemProxy */ = {
			isa = PBXContainerItemProxy;
			containerPortal = 301BF52D109A57CC0062928A /* CordovaLib/CordovaLib.xcodeproj */;
			proxyType = 2;
			remoteGlobalIDString = C0C01EB21E3911D50056E6CB;
			remoteInfo = Cordova;
		};
/* End PBXContainerItemProxy section */

/* Begin PBXFileReference section */
		0207DA571B56EA530066E2B4 /* Images.xcassets */ = {isa = PBXFileReference; lastKnownFileType = folder.assetcatalog; name = Images.xcassets; path = HelloWorld/Images.xcassets; sourceTree = SOURCE_ROOT; };
		1D3623240D0F684500981E51 /* AppDelegate.h */ = {isa = PBXFileReference; fileEncoding = 4; lastKnownFileType = sourcecode.c.h; path = AppDelegate.h; sourceTree = "<group>"; };
		1D3623250D0F684500981E51 /* AppDelegate.m */ = {isa = PBXFileReference; fileEncoding = 4; lastKnownFileType = sourcecode.c.objc; path = AppDelegate.m; sourceTree = "<group>"; };
		1D6058910D05DD3D006BFB54 /* HelloWorld.app */ = {isa = PBXFileReference; explicitFileType = wrapper.application; includeInIndex = 0; path = HelloWorld.app; sourceTree = BUILT_PRODUCTS_DIR; };
		29B97316FDCFA39411CA2CEA /* main.m */ = {isa = PBXFileReference; fileEncoding = 4; lastKnownFileType = sourcecode.c.objc; path = main.m; sourceTree = "<group>"; };
		301BF52D109A57CC0062928A /* CordovaLib/CordovaLib.xcodeproj */ = {isa = PBXFileReference; lastKnownFileType = "wrapper.pb-project"; path = CordovaLib/CordovaLib.xcodeproj; sourceTree = "<group>"; };
		301BF56E109A69640062928A /* www */ = {isa = PBXFileReference; lastKnownFileType = folder; path = www; sourceTree = SOURCE_ROOT; };
		302D95EE14D2391D003F00A1 /* MainViewController.h */ = {isa = PBXFileReference; fileEncoding = 4; lastKnownFileType = sourcecode.c.h; path = MainViewController.h; sourceTree = "<group>"; };
		302D95EF14D2391D003F00A1 /* MainViewController.m */ = {isa = PBXFileReference; fileEncoding = 4; lastKnownFileType = sourcecode.c.objc; path = MainViewController.m; sourceTree = "<group>"; };
		302D95F014D2391D003F00A1 /* MainViewController.xib */ = {isa = PBXFileReference; fileEncoding = 4; lastKnownFileType = file.xib; path = MainViewController.xib; sourceTree = "<group>"; };
		3047A50F1AB8059700498E2A /* build-debug.xcconfig */ = {isa = PBXFileReference; fileEncoding = 4; lastKnownFileType = text.xcconfig; name = "build-debug.xcconfig"; path = "cordova/build-debug.xcconfig"; sourceTree = SOURCE_ROOT; };
		3047A5101AB8059700498E2A /* build-release.xcconfig */ = {isa = PBXFileReference; fileEncoding = 4; lastKnownFileType = text.xcconfig; name = "build-release.xcconfig"; path = "cordova/build-release.xcconfig"; sourceTree = SOURCE_ROOT; };
		3047A5111AB8059700498E2A /* build.xcconfig */ = {isa = PBXFileReference; fileEncoding = 4; lastKnownFileType = text.xcconfig; name = build.xcconfig; path = cordova/build.xcconfig; sourceTree = SOURCE_ROOT; };
		32CA4F630368D1EE00C91783 /* HelloWorld-Prefix.pch */ = {isa = PBXFileReference; fileEncoding = 4; lastKnownFileType = sourcecode.c.h; path = "HelloWorld-Prefix.pch"; sourceTree = "<group>"; };
		6AFF5BF81D6E424B00AB3073 /* CDVLaunchScreen.storyboard */ = {isa = PBXFileReference; fileEncoding = 4; lastKnownFileType = file.storyboard; name = CDVLaunchScreen.storyboard; path = HelloWorld/CDVLaunchScreen.storyboard; sourceTree = SOURCE_ROOT; };
		8D1107310486CEB800E47090 /* HelloWorld-Info.plist */ = {isa = PBXFileReference; fileEncoding = 4; lastKnownFileType = text.plist.xml; name = "HelloWorld-Info.plist"; path = "HelloWorld/HelloWorld-Info.plist"; plistStructureDefinitionIdentifier = "com.apple.xcode.plist.structure-definition.iphone.info-plist"; sourceTree = SOURCE_ROOT; };
		EB87FDF31871DA8E0020F90C /* www */ = {isa = PBXFileReference; lastKnownFileType = folder; name = www; path = ../../www; sourceTree = "<group>"; };
		EB87FDF41871DAF40020F90C /* config.xml */ = {isa = PBXFileReference; lastKnownFileType = text.xml; name = config.xml; path = ../../config.xml; sourceTree = "<group>"; };
		ED33DF2A687741AEAF9F8254 /* Bridging-Header.h */ = {isa = PBXFileReference; fileEncoding = 4; lastKnownFileType = sourcecode.c.h; path = "Bridging-Header.h"; sourceTree = "<group>"; };
		F840E1F0165FE0F500CFE078 /* config.xml */ = {isa = PBXFileReference; lastKnownFileType = text.xml; name = config.xml; path = HelloWorld/config.xml; sourceTree = "<group>"; };
		14A0087AFD65407283D98AB2 /* CoreLocation.framework */ = {isa = PBXFileReference; name = "CoreLocation.framework"; path = "System/Library/Frameworks/CoreLocation.framework"; sourceTree = SDKROOT; fileEncoding = undefined; lastKnownFileType = wrapper.framework; explicitFileType = undefined; includeInIndex = 0; };
		35FB4B2A86AE410989F4EF30 /* CDVLocation.m */ = {isa = PBXFileReference; name = "CDVLocation.m"; path = "cordova-plugin-geolocation/CDVLocation.m"; sourceTree = "<group>"; fileEncoding = 4; lastKnownFileType = sourcecode.c.objc; explicitFileType = undefined; includeInIndex = 0; };
		0FA3CBC9F9C644C6B74DC150 /* CDVLocation.h */ = {isa = PBXFileReference; name = "CDVLocation.h"; path = "cordova-plugin-geolocation/CDVLocation.h"; sourceTree = "<group>"; fileEncoding = 4; lastKnownFileType = sourcecode.c.h; explicitFileType = undefined; includeInIndex = 0; };
		1A8EA3A064284B5DBB8DAADF /* CDVCompass.m */ = {isa = PBXFileReference; name = "CDVCompass.m"; path = "cordova-plugin-device-orientation/CDVCompass.m"; sourceTree = "<group>"; fileEncoding = 4; lastKnownFileType = sourcecode.c.objc; explicitFileType = undefined; includeInIndex = 0; };
		EFE20C2E61624DFA81CC2CEF /* CDVCompass.h */ = {isa = PBXFileReference; name = "CDVCompass.h"; path = "cordova-plugin-device-orientation/CDVCompass.h"; sourceTree = "<group>"; fileEncoding = 4; lastKnownFileType = sourcecode.c.h; explicitFileType = undefined; includeInIndex = 0; };
		1A2D5DAD2D51407B8210E59D /* CDVBattery.m */ = {isa = PBXFileReference; name = "CDVBattery.m"; path = "cordova-plugin-battery-status/CDVBattery.m"; sourceTree = "<group>"; fileEncoding = 4; lastKnownFileType = sourcecode.c.objc; explicitFileType = undefined; includeInIndex = 0; };
		F26E474C0A6946FAAAAC1F2F /* CDVBattery.h */ = {isa = PBXFileReference; name = "CDVBattery.h"; path = "cordova-plugin-battery-status/CDVBattery.h"; sourceTree = "<group>"; fileEncoding = 4; lastKnownFileType = sourcecode.c.h; explicitFileType = undefined; includeInIndex = 0; };
		D09FE4221BF64E478A21BE11 /* UIImage+CropScaleOrientation.m */ = {isa = PBXFileReference; name = "UIImage+CropScaleOrientation.m"; path = "cordova-plugin-camera/UIImage+CropScaleOrientation.m"; sourceTree = "<group>"; fileEncoding = 4; lastKnownFileType = sourcecode.c.objc; explicitFileType = undefined; includeInIndex = 0; };
		931058061D61474787276D4D /* CDVCamera.m */ = {isa = PBXFileReference; name = "CDVCamera.m"; path = "cordova-plugin-camera/CDVCamera.m"; sourceTree = "<group>"; fileEncoding = 4; lastKnownFileType = sourcecode.c.objc; explicitFileType = undefined; includeInIndex = 0; };
		3A7BB2FC64A14650AD2C1C22 /* CDVJpegHeaderWriter.m */ = {isa = PBXFileReference; name = "CDVJpegHeaderWriter.m"; path = "cordova-plugin-camera/CDVJpegHeaderWriter.m"; sourceTree = "<group>"; fileEncoding = 4; lastKnownFileType = sourcecode.c.objc; explicitFileType = undefined; includeInIndex = 0; };
		5D2A8DA941084E72B0F07D6B /* UIImage+CropScaleOrientation.h */ = {isa = PBXFileReference; name = "UIImage+CropScaleOrientation.h"; path = "cordova-plugin-camera/UIImage+CropScaleOrientation.h"; sourceTree = "<group>"; fileEncoding = 4; lastKnownFileType = sourcecode.c.h; explicitFileType = undefined; includeInIndex = 0; };
		A7D71C414E814B10B9C98F4B /* CDVCamera.h */ = {isa = PBXFileReference; name = "CDVCamera.h"; path = "cordova-plugin-camera/CDVCamera.h"; sourceTree = "<group>"; fileEncoding = 4; lastKnownFileType = sourcecode.c.h; explicitFileType = undefined; includeInIndex = 0; };
		0719C7FE916546C7B8CD009A /* CDVJpegHeaderWriter.h */ = {isa = PBXFileReference; name = "CDVJpegHeaderWriter.h"; path = "cordova-plugin-camera/CDVJpegHeaderWriter.h"; sourceTree = "<group>"; fileEncoding = 4; lastKnownFileType = sourcecode.c.h; explicitFileType = undefined; includeInIndex = 0; };
		714FA7D3EBD1460CBD0E77A9 /* CDVExif.h */ = {isa = PBXFileReference; name = "CDVExif.h"; path = "cordova-plugin-camera/CDVExif.h"; sourceTree = "<group>"; fileEncoding = 4; lastKnownFileType = sourcecode.c.h; explicitFileType = undefined; includeInIndex = 0; };
		00E24F7F98AC4D87A5F3F8D3 /* ImageIO.framework */ = {isa = PBXFileReference; name = "ImageIO.framework"; path = "System/Library/Frameworks/ImageIO.framework"; sourceTree = SDKROOT; fileEncoding = undefined; lastKnownFileType = wrapper.framework; explicitFileType = undefined; includeInIndex = 0; };
		9B2A3DCDE9C74B7D8A32B09C /* AVFoundation.framework */ = {isa = PBXFileReference; name = "AVFoundation.framework"; path = "System/Library/Frameworks/AVFoundation.framework"; sourceTree = SDKROOT; fileEncoding = undefined; lastKnownFileType = wrapper.framework; explicitFileType = undefined; includeInIndex = 0; };
		6A75B3F972CE431DB1411D9F /* CDVNotification.m */ = {isa = PBXFileReference; name = "CDVNotification.m"; path = "cordova-plugin-dialogs/CDVNotification.m"; sourceTree = "<group>"; fileEncoding = 4; lastKnownFileType = sourcecode.c.objc; explicitFileType = undefined; includeInIndex = 0; };
		22F6D9F8D5FD46FDB517A002 /* CDVNotification.h */ = {isa = PBXFileReference; name = "CDVNotification.h"; path = "cordova-plugin-dialogs/CDVNotification.h"; sourceTree = "<group>"; fileEncoding = 4; lastKnownFileType = sourcecode.c.h; explicitFileType = undefined; includeInIndex = 0; };
		820185150116436C8FAA4936 /* CDVNotification.bundle */ = {isa = PBXFileReference; name = "CDVNotification.bundle"; path = "CDVNotification.bundle"; sourceTree = "<group>"; fileEncoding = undefined; lastKnownFileType = wrapper.plug-in; explicitFileType = undefined; includeInIndex = 0; };
		EA7A9ABC67824A0FABA986E0 /* AudioToolbox.framework */ = {isa = PBXFileReference; name = "AudioToolbox.framework"; path = "System/Library/Frameworks/AudioToolbox.framework"; sourceTree = SDKROOT; fileEncoding = undefined; lastKnownFileType = wrapper.framework; explicitFileType = undefined; includeInIndex = 0; };
		58F8E28559394886A12A106E /* CDVAccelerometer.m */ = {isa = PBXFileReference; name = "CDVAccelerometer.m"; path = "cordova-plugin-device-motion/CDVAccelerometer.m"; sourceTree = "<group>"; fileEncoding = 4; lastKnownFileType = sourcecode.c.objc; explicitFileType = undefined; includeInIndex = 0; };
		AD82765198D6498087A251E6 /* CDVAccelerometer.h */ = {isa = PBXFileReference; name = "CDVAccelerometer.h"; path = "cordova-plugin-device-motion/CDVAccelerometer.h"; sourceTree = "<group>"; fileEncoding = 4; lastKnownFileType = sourcecode.c.h; explicitFileType = undefined; includeInIndex = 0; };
		940B0BE3E92541DBBBEC5F5F /* CoreMotion.framework */ = {isa = PBXFileReference; name = "CoreMotion.framework"; path = "System/Library/Frameworks/CoreMotion.framework"; sourceTree = SDKROOT; fileEncoding = undefined; lastKnownFileType = wrapper.framework; explicitFileType = undefined; includeInIndex = 0; };
		0128B2A2B83E4803B0769B5C /* CDVConnection.m */ = {isa = PBXFileReference; name = "CDVConnection.m"; path = "cordova-plugin-network-information/CDVConnection.m"; sourceTree = "<group>"; fileEncoding = 4; lastKnownFileType = sourcecode.c.objc; explicitFileType = undefined; includeInIndex = 0; };
		CE10590A365748E4843F526E /* CDVReachability.m */ = {isa = PBXFileReference; name = "CDVReachability.m"; path = "cordova-plugin-network-information/CDVReachability.m"; sourceTree = "<group>"; fileEncoding = 4; lastKnownFileType = sourcecode.c.objc; explicitFileType = undefined; includeInIndex = 0; };
		A7A335CDB1A542219D328CEF /* CDVConnection.h */ = {isa = PBXFileReference; name = "CDVConnection.h"; path = "cordova-plugin-network-information/CDVConnection.h"; sourceTree = "<group>"; fileEncoding = 4; lastKnownFileType = sourcecode.c.h; explicitFileType = undefined; includeInIndex = 0; };
		D730A3CA07074A018526A38A /* CDVReachability.h */ = {isa = PBXFileReference; name = "CDVReachability.h"; path = "cordova-plugin-network-information/CDVReachability.h"; sourceTree = "<group>"; fileEncoding = 4; lastKnownFileType = sourcecode.c.h; explicitFileType = undefined; includeInIndex = 0; };
		08D5C21282A341AC94B6AB88 /* SystemConfiguration.framework */ = {isa = PBXFileReference; name = "SystemConfiguration.framework"; path = "System/Library/Frameworks/SystemConfiguration.framework"; sourceTree = SDKROOT; fileEncoding = undefined; lastKnownFileType = wrapper.framework; explicitFileType = undefined; includeInIndex = 0; };
		8BABC34C09C543E5AAE60AAB /* CoreTelephony.framework */ = {isa = PBXFileReference; name = "CoreTelephony.framework"; path = "System/Library/Frameworks/CoreTelephony.framework"; sourceTree = SDKROOT; fileEncoding = undefined; lastKnownFileType = wrapper.framework; explicitFileType = undefined; includeInIndex = 0; };
		03D38A0745594DC29E527F98 /* CDVGlobalization.m */ = {isa = PBXFileReference; name = "CDVGlobalization.m"; path = "cordova-plugin-globalization/CDVGlobalization.m"; sourceTree = "<group>"; fileEncoding = 4; lastKnownFileType = sourcecode.c.objc; explicitFileType = undefined; includeInIndex = 0; };
		0AFFF360721940A7A7BA1CA5 /* CDVGlobalization.h */ = {isa = PBXFileReference; name = "CDVGlobalization.h"; path = "cordova-plugin-globalization/CDVGlobalization.h"; sourceTree = "<group>"; fileEncoding = 4; lastKnownFileType = sourcecode.c.h; explicitFileType = undefined; includeInIndex = 0; };
		3A50E787C13C443899007AE5 /* CDVContacts.m */ = {isa = PBXFileReference; name = "CDVContacts.m"; path = "cordova-plugin-contacts/CDVContacts.m"; sourceTree = "<group>"; fileEncoding = 4; lastKnownFileType = sourcecode.c.objc; explicitFileType = undefined; includeInIndex = 0; };
		4B5DF9B2C0E44F44A4E07451 /* CDVContact.m */ = {isa = PBXFileReference; name = "CDVContact.m"; path = "cordova-plugin-contacts/CDVContact.m"; sourceTree = "<group>"; fileEncoding = 4; lastKnownFileType = sourcecode.c.objc; explicitFileType = undefined; includeInIndex = 0; };
		F66496E87BCA4610AF102989 /* CDVContacts.h */ = {isa = PBXFileReference; name = "CDVContacts.h"; path = "cordova-plugin-contacts/CDVContacts.h"; sourceTree = "<group>"; fileEncoding = 4; lastKnownFileType = sourcecode.c.h; explicitFileType = undefined; includeInIndex = 0; };
		66CE4F72C52B4ECE8E4592D0 /* CDVContact.h */ = {isa = PBXFileReference; name = "CDVContact.h"; path = "cordova-plugin-contacts/CDVContact.h"; sourceTree = "<group>"; fileEncoding = 4; lastKnownFileType = sourcecode.c.h; explicitFileType = undefined; includeInIndex = 0; };
		13AB022B988749929A0132E2 /* AddressBook.framework */ = {isa = PBXFileReference; name = "AddressBook.framework"; path = "System/Library/Frameworks/AddressBook.framework"; sourceTree = SDKROOT; fileEncoding = undefined; lastKnownFileType = wrapper.framework; explicitFileType = undefined; includeInIndex = 0; };
		D44CD24E4D084E6DB141AD25 /* AddressBookUI.framework */ = {isa = PBXFileReference; name = "AddressBookUI.framework"; path = "System/Library/Frameworks/AddressBookUI.framework"; sourceTree = SDKROOT; fileEncoding = undefined; lastKnownFileType = wrapper.framework; explicitFileType = undefined; includeInIndex = 0; };
		BC6A2D4175F54A0CAC1DA4EA /* CDVInAppBrowser.m */ = {isa = PBXFileReference; name = "CDVInAppBrowser.m"; path = "cordova-plugin-inappbrowser/CDVInAppBrowser.m"; sourceTree = "<group>"; fileEncoding = 4; lastKnownFileType = sourcecode.c.objc; explicitFileType = undefined; includeInIndex = 0; };
		37305A74563448A0878D176C /* CDVInAppBrowser.h */ = {isa = PBXFileReference; name = "CDVInAppBrowser.h"; path = "cordova-plugin-inappbrowser/CDVInAppBrowser.h"; sourceTree = "<group>"; fileEncoding = 4; lastKnownFileType = sourcecode.c.h; explicitFileType = undefined; includeInIndex = 0; };
		E2A119B4DF464BFCB2DF2519 /* NativeCamera.m */ = {isa = PBXFileReference; name = "NativeCamera.m"; path = "cordova-native-camera/NativeCamera.m"; sourceTree = "<group>"; fileEncoding = 4; lastKnownFileType = sourcecode.c.objc; explicitFileType = undefined; includeInIndex = 0; };
		BA374129E578458B87D70AC7 /* CDVDevice.m */ = {isa = PBXFileReference; name = "CDVDevice.m"; path = "cordova-plugin-device/CDVDevice.m"; sourceTree = "<group>"; fileEncoding = 4; lastKnownFileType = sourcecode.c.objc; explicitFileType = undefined; includeInIndex = 0; };
		4647787D2B6A4764B181426F /* CDVDevice.h */ = {isa = PBXFileReference; name = "CDVDevice.h"; path = "cordova-plugin-device/CDVDevice.h"; sourceTree = "<group>"; fileEncoding = 4; lastKnownFileType = sourcecode.c.h; explicitFileType = undefined; includeInIndex = 0; };
		6905614558DF481C9F0D66AC /* libz.tbd */ = {isa = PBXFileReference; name = "libz.tbd"; path = "usr/lib/libz.tbd"; sourceTree = SDKROOT; fileEncoding = undefined; lastKnownFileType = sourcecode.text-based-dylib-definition; explicitFileType = undefined; includeInIndex = 0; };
		3FF8FA6637B0484C9D35DB84 /* CDVMWBarcodeScanner.m */ = {isa = PBXFileReference; name = "CDVMWBarcodeScanner.m"; path = "com.manateeworks.barcodescanner/MWBarcodeScanner/CDVMWBarcodeScanner.m"; sourceTree = "<group>"; fileEncoding = 4; lastKnownFileType = sourcecode.c.objc; explicitFileType = undefined; includeInIndex = 0; };
		2416ECA67CE04E2B904969C1 /* MWScannerViewController.m */ = {isa = PBXFileReference; name = "MWScannerViewController.m"; path = "com.manateeworks.barcodescanner/MWBarcodeScanner/MWScannerViewController.m"; sourceTree = "<group>"; fileEncoding = 4; lastKnownFileType = sourcecode.c.objc; explicitFileType = undefined; includeInIndex = 0; };
		67043CE920014A32A8F0C10A /* MWOverlay.m */ = {isa = PBXFileReference; name = "MWOverlay.m"; path = "com.manateeworks.barcodescanner/MWBarcodeScanner/MWOverlay.m"; sourceTree = "<group>"; fileEncoding = 4; lastKnownFileType = sourcecode.c.objc; explicitFileType = undefined; includeInIndex = 0; };
		CDC308E388504AB3BEC97F03 /* MWResult.m */ = {isa = PBXFileReference; name = "MWResult.m"; path = "com.manateeworks.barcodescanner/MWBarcodeScanner/MWResult.m"; sourceTree = "<group>"; fileEncoding = 4; lastKnownFileType = sourcecode.c.objc; explicitFileType = undefined; includeInIndex = 0; };
		A2E2C180314545AAA295E76C /* MWScannerViewController.xib */ = {isa = PBXFileReference; name = "MWScannerViewController.xib"; path = "com.manateeworks.barcodescanner/MWBarcodeScanner/MWScannerViewController.xib"; sourceTree = "<group>"; fileEncoding = undefined; lastKnownFileType = file.xib; explicitFileType = undefined; includeInIndex = 0; };
		95FD459B174342D4AA777074 /* libBarcodeScanner.a */ = {isa = PBXFileReference; name = "libBarcodeScanner.a"; path = "HelloWorld/Plugins/com.manateeworks.barcodescanner/MWBarcodeScanner/libBarcodeScanner.a"; sourceTree = "<group>"; fileEncoding = undefined; lastKnownFileType = archive.ar; explicitFileType = undefined; includeInIndex = 0; };
		90E9870AED1A482392B2932E /* CDVMWBarcodeScanner.h */ = {isa = PBXFileReference; name = "CDVMWBarcodeScanner.h"; path = "com.manateeworks.barcodescanner/MWBarcodeScanner/CDVMWBarcodeScanner.h"; sourceTree = "<group>"; fileEncoding = 4; lastKnownFileType = sourcecode.c.h; explicitFileType = undefined; includeInIndex = 0; };
		48CACF3E5B9E451C8D5862B3 /* BarcodeScanner.h */ = {isa = PBXFileReference; name = "BarcodeScanner.h"; path = "com.manateeworks.barcodescanner/MWBarcodeScanner/BarcodeScanner.h"; sourceTree = "<group>"; fileEncoding = 4; lastKnownFileType = sourcecode.c.h; explicitFileType = undefined; includeInIndex = 0; };
		DAE0795AD39E4CD48D869D99 /* MWScannerViewController.h */ = {isa = PBXFileReference; name = "MWScannerViewController.h"; path = "com.manateeworks.barcodescanner/MWBarcodeScanner/MWScannerViewController.h"; sourceTree = "<group>"; fileEncoding = 4; lastKnownFileType = sourcecode.c.h; explicitFileType = undefined; includeInIndex = 0; };
		EECC452F92A14E7CB9C0290B /* MWOverlay.h */ = {isa = PBXFileReference; name = "MWOverlay.h"; path = "com.manateeworks.barcodescanner/MWBarcodeScanner/MWOverlay.h"; sourceTree = "<group>"; fileEncoding = 4; lastKnownFileType = sourcecode.c.h; explicitFileType = undefined; includeInIndex = 0; };
		61AB4BA514674B2487B8EA1B /* MWResult.h */ = {isa = PBXFileReference; name = "MWResult.h"; path = "com.manateeworks.barcodescanner/MWBarcodeScanner/MWResult.h"; sourceTree = "<group>"; fileEncoding = 4; lastKnownFileType = sourcecode.c.h; explicitFileType = undefined; includeInIndex = 0; };
		12B192EF839D428C8E0DED34 /* close_button.png */ = {isa = PBXFileReference; name = "close_button.png"; path = "close_button.png"; sourceTree = "<group>"; fileEncoding = undefined; lastKnownFileType = unknown; explicitFileType = undefined; includeInIndex = 0; };
		DC7368F4EB694F62A5573912 /* flashbuttonon.png */ = {isa = PBXFileReference; name = "flashbuttonon.png"; path = "flashbuttonon.png"; sourceTree = "<group>"; fileEncoding = undefined; lastKnownFileType = unknown; explicitFileType = undefined; includeInIndex = 0; };
		5EB5B52343EA4F91AF3D4FFF /* flashbuttonoff.png */ = {isa = PBXFileReference; name = "flashbuttonoff.png"; path = "flashbuttonoff.png"; sourceTree = "<group>"; fileEncoding = undefined; lastKnownFileType = unknown; explicitFileType = undefined; includeInIndex = 0; };
		1302B9B9BEB447AF87A38AD3 /* overlay_mw.png */ = {isa = PBXFileReference; name = "overlay_mw.png"; path = "overlay_mw.png"; sourceTree = "<group>"; fileEncoding = undefined; lastKnownFileType = unknown; explicitFileType = undefined; includeInIndex = 0; };
		C11D8B4F4FEC4BAB8B4347F5 /* overlay_mw@2x.png */ = {isa = PBXFileReference; name = "overlay_mw@2x.png"; path = "overlay_mw@2x.png"; sourceTree = "<group>"; fileEncoding = undefined; lastKnownFileType = unknown; explicitFileType = undefined; includeInIndex = 0; };
		54A2C7A1FB2C4740B2BDC2E8 /* zoom.png */ = {isa = PBXFileReference; name = "zoom.png"; path = "zoom.png"; sourceTree = "<group>"; fileEncoding = undefined; lastKnownFileType = unknown; explicitFileType = undefined; includeInIndex = 0; };
		E64F5AB89B7541C2B1493342 /* CoreVideo.framework */ = {isa = PBXFileReference; name = "CoreVideo.framework"; path = "System/Library/Frameworks/CoreVideo.framework"; sourceTree = SDKROOT; fileEncoding = undefined; lastKnownFileType = wrapper.framework; explicitFileType = undefined; includeInIndex = 0; };
		B11D1D67FAFB4EFDBC6890C2 /* QuartzCore.framework */ = {isa = PBXFileReference; name = "QuartzCore.framework"; path = "System/Library/Frameworks/QuartzCore.framework"; sourceTree = SDKROOT; fileEncoding = undefined; lastKnownFileType = wrapper.framework; explicitFileType = undefined; includeInIndex = 0; };
		DB9E3F6B8ECD4989B1D8E213 /* CDVBarcodeScanner.mm */ = {isa = PBXFileReference; name = "CDVBarcodeScanner.mm"; path = "cordova-plugin-barcodescanner/CDVBarcodeScanner.mm"; sourceTree = "<group>"; fileEncoding = undefined; lastKnownFileType = unknown; explicitFileType = undefined; includeInIndex = 0; };
		6AB6182606B4412292266A66 /* zxing-all-in-one.cpp */ = {isa = PBXFileReference; name = "zxing-all-in-one.cpp"; path = "cordova-plugin-barcodescanner/zxing-all-in-one.cpp"; sourceTree = "<group>"; fileEncoding = undefined; lastKnownFileType = unknown; explicitFileType = undefined; includeInIndex = 0; };
		02B7150B5E7C45469DEB9752 /* zxing-all-in-one.h */ = {isa = PBXFileReference; name = "zxing-all-in-one.h"; path = "cordova-plugin-barcodescanner/zxing-all-in-one.h"; sourceTree = "<group>"; fileEncoding = 4; lastKnownFileType = sourcecode.c.h; explicitFileType = undefined; includeInIndex = 0; };
		4306AE22CB704D65A3EC623C /* scannerOverlay.xib */ = {isa = PBXFileReference; name = "scannerOverlay.xib"; path = "scannerOverlay.xib"; sourceTree = "<group>"; fileEncoding = undefined; lastKnownFileType = file.xib; explicitFileType = undefined; includeInIndex = 0; };
		9C5978149A6D499F8A740E98 /* libiconv.dylib */ = {isa = PBXFileReference; name = "libiconv.dylib"; path = "usr/lib/libiconv.dylib"; sourceTree = SDKROOT; fileEncoding = undefined; lastKnownFileType = compiled.mach-o.dylib; explicitFileType = undefined; includeInIndex = 0; };
/* End PBXFileReference section */

/* Begin PBXFrameworksBuildPhase section */
		1D60588F0D05DD3D006BFB54 /* Frameworks */ = {
			isa = PBXFrameworksBuildPhase;
			buildActionMask = 2147483647;
			files = (
				301BF552109A68D80062928A /* libCordova.a in Frameworks */,
				873044501EB84092BF3213ED /* CoreLocation.framework in Frameworks */,
				53E4B327D6BA4B98811AE884 /* ImageIO.framework in Frameworks */,
				BB1655857C4244F49E01273E /* AVFoundation.framework in Frameworks */,
				D78DE89D431D4D49A4E2B65B /* AudioToolbox.framework in Frameworks */,
				9CF660740BCC4625BA4C962E /* CoreMotion.framework in Frameworks */,
				C5E619DB8CCE483B8007DFEF /* SystemConfiguration.framework in Frameworks */,
				C91259ADC6774EFB994A3065 /* CoreTelephony.framework in Frameworks */,
				30E7FEF39CB74EECA86ED742 /* AddressBook.framework in Frameworks */,
				539A3CE9E4144D4C83E10CD1 /* AddressBookUI.framework in Frameworks */,
				6193DCD0A35F414BAFC738A7 /* libz.tbd in Frameworks */,
				23B9BF81A57646AEA50B2F01 /* libBarcodeScanner.a in Frameworks */,
				15B62FA2615D4BF884EF114E /* CoreVideo.framework in Frameworks */,
				E90CF2C832F549689B1F55D8 /* QuartzCore.framework in Frameworks */,
				1B22585C706447CC80A3F9AD /* libiconv.dylib in Frameworks */,
			);
			runOnlyForDeploymentPostprocessing = 0;
		};
/* End PBXFrameworksBuildPhase section */

/* Begin PBXGroup section */
		080E96DDFE201D6D7F000001 /* Classes */ = {
			isa = PBXGroup;
			children = (
				302D95EE14D2391D003F00A1 /* MainViewController.h */,
				302D95EF14D2391D003F00A1 /* MainViewController.m */,
				302D95F014D2391D003F00A1 /* MainViewController.xib */,
				1D3623240D0F684500981E51 /* AppDelegate.h */,
				1D3623250D0F684500981E51 /* AppDelegate.m */,
			);
			name = Classes;
			path = HelloWorld/Classes;
			sourceTree = SOURCE_ROOT;
		};
		19C28FACFE9D520D11CA2CBB /* Products */ = {
			isa = PBXGroup;
			children = (
				1D6058910D05DD3D006BFB54 /* HelloWorld.app */,
			);
			name = Products;
			sourceTree = "<group>";
		};
		29B97314FDCFA39411CA2CEA /* CustomTemplate */ = {
			isa = PBXGroup;
			children = (
				EB87FDF41871DAF40020F90C /* config.xml */,
				EB87FDF31871DA8E0020F90C /* www */,
				EB87FDF11871DA420020F90C /* Staging */,
				301BF52D109A57CC0062928A /* CordovaLib/CordovaLib.xcodeproj */,
				080E96DDFE201D6D7F000001 /* Classes */,
				307C750510C5A3420062BCA9 /* Plugins */,
				29B97315FDCFA39411CA2CEA /* Other Sources */,
				29B97317FDCFA39411CA2CEA /* Resources */,
				29B97323FDCFA39411CA2CEA /* Frameworks */,
				19C28FACFE9D520D11CA2CBB /* Products */,
			);
			name = CustomTemplate;
			sourceTree = "<group>";
		};
		29B97315FDCFA39411CA2CEA /* Other Sources */ = {
			isa = PBXGroup;
			children = (
				32CA4F630368D1EE00C91783 /* HelloWorld-Prefix.pch */,
				29B97316FDCFA39411CA2CEA /* main.m */,
				ED33DF2A687741AEAF9F8254 /* Bridging-Header.h */,
			);
			name = "Other Sources";
			path = HelloWorld;
			sourceTree = "<group>";
		};
		29B97317FDCFA39411CA2CEA /* Resources */ = {
			isa = PBXGroup;
			children = (
				0207DA571B56EA530066E2B4 /* Images.xcassets */,
				3047A50E1AB8057F00498E2A /* config */,
				8D1107310486CEB800E47090 /* HelloWorld-Info.plist */,
				6AFF5BF81D6E424B00AB3073 /* CDVLaunchScreen.storyboard */,
				820185150116436C8FAA4936 /* CDVNotification.bundle */,
				12B192EF839D428C8E0DED34 /* close_button.png */,
				DC7368F4EB694F62A5573912 /* flashbuttonon.png */,
				5EB5B52343EA4F91AF3D4FFF /* flashbuttonoff.png */,
				1302B9B9BEB447AF87A38AD3 /* overlay_mw.png */,
				C11D8B4F4FEC4BAB8B4347F5 /* overlay_mw@2x.png */,
				54A2C7A1FB2C4740B2BDC2E8 /* zoom.png */,
				4306AE22CB704D65A3EC623C /* scannerOverlay.xib */,
			);
			name = Resources;
			path = HelloWorld/Resources;
			sourceTree = "<group>";
		};
		29B97323FDCFA39411CA2CEA /* Frameworks */ = {
			isa = PBXGroup;
			children = (
				14A0087AFD65407283D98AB2 /* CoreLocation.framework */,
				00E24F7F98AC4D87A5F3F8D3 /* ImageIO.framework */,
				9B2A3DCDE9C74B7D8A32B09C /* AVFoundation.framework */,
				EA7A9ABC67824A0FABA986E0 /* AudioToolbox.framework */,
				940B0BE3E92541DBBBEC5F5F /* CoreMotion.framework */,
				08D5C21282A341AC94B6AB88 /* SystemConfiguration.framework */,
				8BABC34C09C543E5AAE60AAB /* CoreTelephony.framework */,
				13AB022B988749929A0132E2 /* AddressBook.framework */,
				D44CD24E4D084E6DB141AD25 /* AddressBookUI.framework */,
				6905614558DF481C9F0D66AC /* libz.tbd */,
				95FD459B174342D4AA777074 /* libBarcodeScanner.a */,
				E64F5AB89B7541C2B1493342 /* CoreVideo.framework */,
				B11D1D67FAFB4EFDBC6890C2 /* QuartzCore.framework */,
				9C5978149A6D499F8A740E98 /* libiconv.dylib */,
			);
			name = Frameworks;
			sourceTree = "<group>";
		};
		301BF52E109A57CC0062928A /* Products */ = {
			isa = PBXGroup;
			children = (
				301BF535109A57CC0062928A /* libCordova.a */,
				A034427E1ECA25AF00F79216 /* Cordova.framework */,
			);
			name = Products;
			sourceTree = "<group>";
		};
		3047A50E1AB8057F00498E2A /* config */ = {
			isa = PBXGroup;
			children = (
				3047A50F1AB8059700498E2A /* build-debug.xcconfig */,
				3047A5101AB8059700498E2A /* build-release.xcconfig */,
				3047A5111AB8059700498E2A /* build.xcconfig */,
			);
			name = config;
			sourceTree = "<group>";
		};
		307C750510C5A3420062BCA9 /* Plugins */ = {
			isa = PBXGroup;
			children = (
				35FB4B2A86AE410989F4EF30 /* CDVLocation.m */,
				0FA3CBC9F9C644C6B74DC150 /* CDVLocation.h */,
				1A8EA3A064284B5DBB8DAADF /* CDVCompass.m */,
				EFE20C2E61624DFA81CC2CEF /* CDVCompass.h */,
				1A2D5DAD2D51407B8210E59D /* CDVBattery.m */,
				F26E474C0A6946FAAAAC1F2F /* CDVBattery.h */,
				D09FE4221BF64E478A21BE11 /* UIImage+CropScaleOrientation.m */,
				931058061D61474787276D4D /* CDVCamera.m */,
				3A7BB2FC64A14650AD2C1C22 /* CDVJpegHeaderWriter.m */,
				5D2A8DA941084E72B0F07D6B /* UIImage+CropScaleOrientation.h */,
				A7D71C414E814B10B9C98F4B /* CDVCamera.h */,
				0719C7FE916546C7B8CD009A /* CDVJpegHeaderWriter.h */,
				714FA7D3EBD1460CBD0E77A9 /* CDVExif.h */,
				6A75B3F972CE431DB1411D9F /* CDVNotification.m */,
				22F6D9F8D5FD46FDB517A002 /* CDVNotification.h */,
				58F8E28559394886A12A106E /* CDVAccelerometer.m */,
				AD82765198D6498087A251E6 /* CDVAccelerometer.h */,
				0128B2A2B83E4803B0769B5C /* CDVConnection.m */,
				CE10590A365748E4843F526E /* CDVReachability.m */,
				A7A335CDB1A542219D328CEF /* CDVConnection.h */,
				D730A3CA07074A018526A38A /* CDVReachability.h */,
				03D38A0745594DC29E527F98 /* CDVGlobalization.m */,
				0AFFF360721940A7A7BA1CA5 /* CDVGlobalization.h */,
				3A50E787C13C443899007AE5 /* CDVContacts.m */,
				4B5DF9B2C0E44F44A4E07451 /* CDVContact.m */,
				F66496E87BCA4610AF102989 /* CDVContacts.h */,
				66CE4F72C52B4ECE8E4592D0 /* CDVContact.h */,
				BC6A2D4175F54A0CAC1DA4EA /* CDVInAppBrowser.m */,
				37305A74563448A0878D176C /* CDVInAppBrowser.h */,
				E2A119B4DF464BFCB2DF2519 /* NativeCamera.m */,
				BA374129E578458B87D70AC7 /* CDVDevice.m */,
				4647787D2B6A4764B181426F /* CDVDevice.h */,
				3FF8FA6637B0484C9D35DB84 /* CDVMWBarcodeScanner.m */,
				2416ECA67CE04E2B904969C1 /* MWScannerViewController.m */,
				67043CE920014A32A8F0C10A /* MWOverlay.m */,
				CDC308E388504AB3BEC97F03 /* MWResult.m */,
				A2E2C180314545AAA295E76C /* MWScannerViewController.xib */,
				90E9870AED1A482392B2932E /* CDVMWBarcodeScanner.h */,
				48CACF3E5B9E451C8D5862B3 /* BarcodeScanner.h */,
				DAE0795AD39E4CD48D869D99 /* MWScannerViewController.h */,
				EECC452F92A14E7CB9C0290B /* MWOverlay.h */,
				61AB4BA514674B2487B8EA1B /* MWResult.h */,
				DB9E3F6B8ECD4989B1D8E213 /* CDVBarcodeScanner.mm */,
				6AB6182606B4412292266A66 /* zxing-all-in-one.cpp */,
				02B7150B5E7C45469DEB9752 /* zxing-all-in-one.h */,
			);
			name = Plugins;
			path = HelloWorld/Plugins;
			sourceTree = SOURCE_ROOT;
		};
		EB87FDF11871DA420020F90C /* Staging */ = {
			isa = PBXGroup;
			children = (
				F840E1F0165FE0F500CFE078 /* config.xml */,
				301BF56E109A69640062928A /* www */,
			);
			name = Staging;
			sourceTree = "<group>";
		};
/* End PBXGroup section */

/* Begin PBXNativeTarget section */
		1D6058900D05DD3D006BFB54 /* HelloWorld */ = {
			isa = PBXNativeTarget;
			buildConfigurationList = 1D6058960D05DD3E006BFB54 /* Build configuration list for PBXNativeTarget "HelloWorld" */;
			buildPhases = (
				304B58A110DAC018002A0835 /* Copy www directory */,
				1D60588D0D05DD3D006BFB54 /* Resources */,
				1D60588E0D05DD3D006BFB54 /* Sources */,
				1D60588F0D05DD3D006BFB54 /* Frameworks */,
			);
			buildRules = (
			);
			dependencies = (
				301BF551109A68C00062928A /* PBXTargetDependency */,
			);
			name = HelloWorld;
			productName = HelloWorld;
			productReference = 1D6058910D05DD3D006BFB54 /* HelloWorld.app */;
			productType = "com.apple.product-type.application";
		};
/* End PBXNativeTarget section */

/* Begin PBXProject section */
		29B97313FDCFA39411CA2CEA /* Project object */ = {
			isa = PBXProject;
			attributes = {
				LastUpgradeCheck = 510;
				TargetAttributes = {
					1D6058900D05DD3D006BFB54 = {
						DevelopmentTeam = PYE2PVKV97;
					};
				};
			};
			buildConfigurationList = C01FCF4E08A954540054247B /* Build configuration list for PBXProject "HelloWorld" */;
			compatibilityVersion = "Xcode 3.2";
			developmentRegion = English;
			hasScannedForEncodings = 1;
			knownRegions = (
				en,
			);
			mainGroup = 29B97314FDCFA39411CA2CEA /* CustomTemplate */;
			projectDirPath = "";
			projectReferences = (
				{
					ProductGroup = 301BF52E109A57CC0062928A /* Products */;
					ProjectRef = 301BF52D109A57CC0062928A /* CordovaLib/CordovaLib.xcodeproj */;
				},
			);
			projectRoot = "";
			targets = (
				1D6058900D05DD3D006BFB54 /* HelloWorld */,
			);
		};
/* End PBXProject section */

/* Begin PBXReferenceProxy section */
		301BF535109A57CC0062928A /* libCordova.a */ = {
			isa = PBXReferenceProxy;
			fileType = archive.ar;
			path = libCordova.a;
			remoteRef = 301BF534109A57CC0062928A /* PBXContainerItemProxy */;
			sourceTree = BUILT_PRODUCTS_DIR;
		};
		A034427E1ECA25AF00F79216 /* Cordova.framework */ = {
			isa = PBXReferenceProxy;
			fileType = wrapper.framework;
			path = Cordova.framework;
			remoteRef = A034427D1ECA25AF00F79216 /* PBXContainerItemProxy */;
			sourceTree = BUILT_PRODUCTS_DIR;
		};
/* End PBXReferenceProxy section */

/* Begin PBXResourcesBuildPhase section */
		1D60588D0D05DD3D006BFB54 /* Resources */ = {
			isa = PBXResourcesBuildPhase;
			buildActionMask = 2147483647;
			files = (
				302D95F214D2391D003F00A1 /* MainViewController.xib in Resources */,
				0207DA581B56EA530066E2B4 /* Images.xcassets in Resources */,
				6AFF5BF91D6E424B00AB3073 /* CDVLaunchScreen.storyboard in Resources */,
				5CC2F46EF2384363A7997981 /* CDVNotification.bundle in Resources */,
				DC13B9F6481B4C408F55E29B /* close_button.png in Resources */,
				2590E8F3D3CB443E94950CCF /* flashbuttonon.png in Resources */,
				8D693B4F047349AAAC9CC6A5 /* flashbuttonoff.png in Resources */,
				56FF490EDF5A4ED7801F5C75 /* overlay_mw.png in Resources */,
				3AD3823FBCA34543856E6C9B /* overlay_mw@2x.png in Resources */,
				E5EE4B4DBBD54ACEB803E690 /* zoom.png in Resources */,
				B4BDFDFFC3A049E797F3765F /* scannerOverlay.xib in Resources */,
			);
			runOnlyForDeploymentPostprocessing = 0;
		};
/* End PBXResourcesBuildPhase section */

/* Begin PBXShellScriptBuildPhase section */
		304B58A110DAC018002A0835 /* Copy www directory */ = {
			isa = PBXShellScriptBuildPhase;
			buildActionMask = 2147483647;
			files = (
			);
			inputPaths = (
			);
			name = "Copy www directory";
			outputPaths = (
			);
			runOnlyForDeploymentPostprocessing = 0;
			shellPath = /bin/sh;
			shellScript = "NODEJS_PATH=/usr/local/bin; NVM_NODE_PATH=~/.nvm/versions/node/`nvm version 2>/dev/null`/bin; N_NODE_PATH=`find /usr/local/n/versions/node/* -maxdepth 0 -type d 2>/dev/null | tail -1`/bin; XCODE_NODE_PATH=`xcode-select --print-path`/usr/share/xcs/Node/bin; PATH=$NODEJS_PATH:$NVM_NODE_PATH:$N_NODE_PATH:$XCODE_NODE_PATH:$PATH && node cordova/lib/copy-www-build-step.js";
			showEnvVarsInLog = 0;
		};
/* End PBXShellScriptBuildPhase section */

/* Begin PBXSourcesBuildPhase section */
		1D60588E0D05DD3D006BFB54 /* Sources */ = {
			isa = PBXSourcesBuildPhase;
			buildActionMask = 2147483647;
			files = (
				1D60589B0D05DD56006BFB54 /* main.m in Sources */,
				1D3623260D0F684500981E51 /* AppDelegate.m in Sources */,
				302D95F114D2391D003F00A1 /* MainViewController.m in Sources */,
				F8E7D35C6A38474094D96038 /* CDVLocation.m in Sources */,
				83F6F5775DBB484DBF813153 /* CDVCompass.m in Sources */,
				F00F02425A3D4904A9292791 /* CDVBattery.m in Sources */,
				72AD899722A447BA9448CF44 /* UIImage+CropScaleOrientation.m in Sources */,
				D3EADB794C674A44B32DD687 /* CDVCamera.m in Sources */,
				98C297B022274CAD9C8A1690 /* CDVJpegHeaderWriter.m in Sources */,
				785FA44AE3E84A0EBF4FC928 /* CDVNotification.m in Sources */,
				CD6AA5187ECC46EBAD1D4105 /* CDVAccelerometer.m in Sources */,
				D800141C82564CBC9DA198F5 /* CDVConnection.m in Sources */,
				9A85202B51EB45F6A1F23930 /* CDVReachability.m in Sources */,
				EBCE39A6295646A69666286E /* CDVGlobalization.m in Sources */,
				B614868693084A36B558C52E /* CDVContacts.m in Sources */,
				FE46256C5B7C4403AE877547 /* CDVContact.m in Sources */,
				4CAE4399CBEB4AB390191363 /* CDVInAppBrowser.m in Sources */,
				A4D13B7F8CFC4F5087E87C34 /* NativeCamera.m in Sources */,
				7B2474B9FFD94290A8A5F8AB /* CDVDevice.m in Sources */,
				723FCB150B49450F9AC6C585 /* CDVMWBarcodeScanner.m in Sources */,
				DF4C213D9B5143759BF910BE /* MWScannerViewController.m in Sources */,
				85FE44B7DE7D4135B709802A /* MWOverlay.m in Sources */,
				27F2CC933383499FBB2ACCA1 /* MWResult.m in Sources */,
				2DB3A71E33BC4F039015D667 /* MWScannerViewController.xib in Resources */,
				19AAB8071D504CA8BDFC0364 /* CDVBarcodeScanner.mm in Resources */,
				962F8DC7633B4443A16AC78D /* zxing-all-in-one.cpp in Resources */,
			);
			runOnlyForDeploymentPostprocessing = 0;
		};
/* End PBXSourcesBuildPhase section */

/* Begin PBXTargetDependency section */
		301BF551109A68C00062928A /* PBXTargetDependency */ = {
			isa = PBXTargetDependency;
			name = CordovaLib;
			targetProxy = 301BF550109A68C00062928A /* PBXContainerItemProxy */;
		};
/* End PBXTargetDependency section */

/* Begin XCBuildConfiguration section */
		1D6058940D05DD3E006BFB54 /* Debug */ = {
			isa = XCBuildConfiguration;
			baseConfigurationReference = 3047A50F1AB8059700498E2A /* build-debug.xcconfig */;
			buildSettings = {
				ALWAYS_SEARCH_USER_PATHS = NO;
				ASSETCATALOG_COMPILER_APPICON_NAME = AppIcon;
				ASSETCATALOG_COMPILER_LAUNCHIMAGE_NAME = LaunchImage;
				CLANG_ENABLE_MODULES = YES;
				CLANG_ENABLE_OBJC_ARC = YES;
				COPY_PHASE_STRIP = NO;
				DEVELOPMENT_TEAM = PYE2PVKV97;
				GCC_DYNAMIC_NO_PIC = NO;
				GCC_OPTIMIZATION_LEVEL = 0;
				GCC_PRECOMPILE_PREFIX_HEADER = YES;
				GCC_PREFIX_HEADER = "HelloWorld/HelloWorld-Prefix.pch";
				GCC_THUMB_SUPPORT = NO;
				GCC_VERSION = "";
				INFOPLIST_FILE = "HelloWorld/HelloWorld-Info.plist";
				IPHONEOS_DEPLOYMENT_TARGET = 9.0;
				LD_RUNPATH_SEARCH_PATHS = "@executable_path/Frameworks";
				PRODUCT_BUNDLE_IDENTIFIER = isslabhello;
				PRODUCT_NAME = HelloWorld;
				TARGETED_DEVICE_FAMILY = "1,2";
				LIBRARY_SEARCH_PATHS = (
					"$(inherited)",
					"\"$(SRCROOT)/HelloWorld/Plugins/com.manateeworks.barcodescanner/MWBarcodeScanner\"",
				);
			};
			name = Debug;
		};
		1D6058950D05DD3E006BFB54 /* Release */ = {
			isa = XCBuildConfiguration;
			baseConfigurationReference = 3047A5101AB8059700498E2A /* build-release.xcconfig */;
			buildSettings = {
				ALWAYS_SEARCH_USER_PATHS = NO;
				ASSETCATALOG_COMPILER_APPICON_NAME = AppIcon;
				ASSETCATALOG_COMPILER_LAUNCHIMAGE_NAME = LaunchImage;
				CLANG_ENABLE_MODULES = YES;
				CLANG_ENABLE_OBJC_ARC = YES;
				COPY_PHASE_STRIP = YES;
				DEVELOPMENT_TEAM = PYE2PVKV97;
				GCC_PRECOMPILE_PREFIX_HEADER = YES;
				GCC_PREFIX_HEADER = "HelloWorld/HelloWorld-Prefix.pch";
				GCC_THUMB_SUPPORT = NO;
				GCC_VERSION = "";
				INFOPLIST_FILE = "HelloWorld/HelloWorld-Info.plist";
				IPHONEOS_DEPLOYMENT_TARGET = 9.0;
				LD_RUNPATH_SEARCH_PATHS = "@executable_path/Frameworks";
				PRODUCT_BUNDLE_IDENTIFIER = isslabhello;
				PRODUCT_NAME = HelloWorld;
				TARGETED_DEVICE_FAMILY = "1,2";
				LIBRARY_SEARCH_PATHS = (
					"$(inherited)",
					"\"$(SRCROOT)/HelloWorld/Plugins/com.manateeworks.barcodescanner/MWBarcodeScanner\"",
				);
			};
			name = Release;
		};
		C01FCF4F08A954540054247B /* Debug */ = {
			isa = XCBuildConfiguration;
			baseConfigurationReference = 3047A5111AB8059700498E2A /* build.xcconfig */;
			buildSettings = {
				CLANG_ENABLE_MODULES = YES;
				CLANG_ENABLE_OBJC_ARC = YES;
				CLANG_WARN_BOOL_CONVERSION = YES;
				CLANG_WARN_CONSTANT_CONVERSION = YES;
				CLANG_WARN_EMPTY_BODY = YES;
				CLANG_WARN_ENUM_CONVERSION = YES;
				CLANG_WARN_INT_CONVERSION = YES;
				CLANG_WARN__DUPLICATE_METHOD_MATCH = YES;
				GCC_C_LANGUAGE_STANDARD = c99;
				GCC_THUMB_SUPPORT = NO;
				GCC_VERSION = "";
				GCC_WARN_ABOUT_RETURN_TYPE = YES;
				GCC_WARN_UNDECLARED_SELECTOR = YES;
				GCC_WARN_UNINITIALIZED_AUTOS = YES;
				GCC_WARN_UNUSED_FUNCTION = YES;
				GCC_WARN_UNUSED_VARIABLE = YES;
				ONLY_ACTIVE_ARCH = YES;
				SDKROOT = iphoneos;
				SKIP_INSTALL = NO;
			};
			name = Debug;
		};
		C01FCF5008A954540054247B /* Release */ = {
			isa = XCBuildConfiguration;
			baseConfigurationReference = 3047A5111AB8059700498E2A /* build.xcconfig */;
			buildSettings = {
				CLANG_ENABLE_MODULES = YES;
				CLANG_ENABLE_OBJC_ARC = YES;
				CLANG_WARN_BOOL_CONVERSION = YES;
				CLANG_WARN_CONSTANT_CONVERSION = YES;
				CLANG_WARN_EMPTY_BODY = YES;
				CLANG_WARN_ENUM_CONVERSION = YES;
				CLANG_WARN_INT_CONVERSION = YES;
				CLANG_WARN__DUPLICATE_METHOD_MATCH = YES;
				GCC_C_LANGUAGE_STANDARD = c99;
				GCC_THUMB_SUPPORT = NO;
				GCC_VERSION = "";
				GCC_WARN_ABOUT_RETURN_TYPE = YES;
				GCC_WARN_UNDECLARED_SELECTOR = YES;
				GCC_WARN_UNINITIALIZED_AUTOS = YES;
				GCC_WARN_UNUSED_FUNCTION = YES;
				GCC_WARN_UNUSED_VARIABLE = YES;
				SDKROOT = iphoneos;
				SKIP_INSTALL = NO;
			};
			name = Release;
		};
/* End XCBuildConfiguration section */

/* Begin XCConfigurationList section */
		1D6058960D05DD3E006BFB54 /* Build configuration list for PBXNativeTarget "HelloWorld" */ = {
			isa = XCConfigurationList;
			buildConfigurations = (
				1D6058940D05DD3E006BFB54 /* Debug */,
				1D6058950D05DD3E006BFB54 /* Release */,
			);
			defaultConfigurationIsVisible = 0;
			defaultConfigurationName = Release;
		};
		C01FCF4E08A954540054247B /* Build configuration list for PBXProject "HelloWorld" */ = {
			isa = XCConfigurationList;
			buildConfigurations = (
				C01FCF4F08A954540054247B /* Debug */,
				C01FCF5008A954540054247B /* Release */,
			);
			defaultConfigurationIsVisible = 0;
			defaultConfigurationName = Release;
		};
/* End XCConfigurationList section */
	};
	rootObject = 29B97313FDCFA39411CA2CEA /* Project object */;
}
